
Microsoft Visual Studio Solution File, Format Version 12.00
# Visual Studio Version 17
VisualStudioVersion = 17.7.34031.279
MinimumVisualStudioVersion = 10.0.40219.1
Project("{FAE04EC0-301F-11D3-BF4B-00C04F79EFBC}") = "Robot_Vonhala_Raul", "Robot_Vonhala_Raul\Robot_Vonhala_Raul.csproj", "{5EE77326-EE21-47BF-9E0C-8A78D2E14E78}"
EndProject
Global
	GlobalSection(SolutionConfigurationPlatforms) = preSolution
		Debug|Any CPU = Debug|Any CPU
		Release|Any CPU = Release|Any CPU
	EndGlobalSection
	GlobalSection(ProjectConfigurationPlatforms) = postSolution
		{5EE77326-EE21-47BF-9E0C-8A78D2E14E78}.Debug|Any CPU.ActiveCfg = Debug|Any CPU
		{5EE77326-EE21-47BF-9E0C-8A78D2E14E78}.Debug|Any CPU.Build.0 = Debug|Any CPU
		{5EE77326-EE21-47BF-9E0C-8A78D2E14E78}.Release|Any CPU.ActiveCfg = Release|Any CPU
		{5EE77326-EE21-47BF-9E0C-8A78D2E14E78}.Release|Any CPU.Build.0 = Release|Any CPU
	EndGlobalSection
	GlobalSection(SolutionProperties) = preSolution
		HideSolutionNode = FALSE
	EndGlobalSection
	GlobalSection(ExtensibilityGlobals) = postSolution
		SolutionGuid = {E31E232D-0A78-48AC-A6D0-85398313B729}
	EndGlobalSection
EndGlobal
